
Microsoft Visual Studio Solution File, Format Version 12.00
# Visual Studio Version 16
VisualStudioVersion = 16.0.30320.27
MinimumVisualStudioVersion = 10.0.40219.1
Project("{9A19103F-16F7-4668-BE54-9A1E7A4F7556}") = "Authentication", "Authentication\Authentication.csproj", "{54053A63-4B93-4E0D-9EF6-0AD8F33559F2}"
EndProject
Project("{2150E333-8FDC-42A3-9474-1A3956D46DE8}") = "1-Application", "1-Application", "{3C4F3600-CABC-4830-B485-3CE2CE194B8F}"
EndProject
Project("{2150E333-8FDC-42A3-9474-1A3956D46DE8}") = "2-Infra", "2-Infra", "{DB441FC1-CBA1-47B2-A124-989BBEA3D7EF}"
EndProject
Project("{2150E333-8FDC-42A3-9474-1A3956D46DE8}") = "4-Domain", "4-Domain", "{D787F4E5-348D-4AE8-85F4-3BD83532DEE7}"
EndProject
Project("{9A19103F-16F7-4668-BE54-9A1E7A4F7556}") = "Domain", "Domain\Domain.csproj", "{BAA47DBE-0A1D-48DF-9F3D-BB8601B69E1D}"
EndProject
Project("{2150E333-8FDC-42A3-9474-1A3956D46DE8}") = "3-Entities", "3-Entities", "{9C920315-05B5-469D-8B74-0843BC2F0841}"
EndProject
Project("{9A19103F-16F7-4668-BE54-9A1E7A4F7556}") = "Entities", "Entities\Entities.csproj", "{E9F60208-2263-424C-8BC9-D43F9C2E6BB8}"
EndProject
Project("{9A19103F-16F7-4668-BE54-9A1E7A4F7556}") = "Infraestructure", "Infraestructure\Infraestructure.csproj", "{FA51C6E0-C11D-4F58-87FD-171D7380E8AC}"
EndProject
Project("{FAE04EC0-301F-11D3-BF4B-00C04F79EFBC}") = "AuthenticationTest", "AuthenticationTest\AuthenticationTest.csproj", "{3F580940-10AA-4E25-8289-CC6DEEEFF45F}"
EndProject
Global
	GlobalSection(SolutionConfigurationPlatforms) = preSolution
		Debug|Any CPU = Debug|Any CPU
		Debug|ARM = Debug|ARM
		Debug|ARM64 = Debug|ARM64
		Debug|x64 = Debug|x64
		Debug|x86 = Debug|x86
		Release|Any CPU = Release|Any CPU
		Release|ARM = Release|ARM
		Release|ARM64 = Release|ARM64
		Release|x64 = Release|x64
		Release|x86 = Release|x86
	EndGlobalSection
	GlobalSection(ProjectConfigurationPlatforms) = postSolution
		{54053A63-4B93-4E0D-9EF6-0AD8F33559F2}.Debug|Any CPU.ActiveCfg = Debug|Any CPU
		{54053A63-4B93-4E0D-9EF6-0AD8F33559F2}.Debug|Any CPU.Build.0 = Debug|Any CPU
		{54053A63-4B93-4E0D-9EF6-0AD8F33559F2}.Debug|ARM.ActiveCfg = Debug|Any CPU
		{54053A63-4B93-4E0D-9EF6-0AD8F33559F2}.Debug|ARM.Build.0 = Debug|Any CPU
		{54053A63-4B93-4E0D-9EF6-0AD8F33559F2}.Debug|ARM64.ActiveCfg = Debug|Any CPU
		{54053A63-4B93-4E0D-9EF6-0AD8F33559F2}.Debug|ARM64.Build.0 = Debug|Any CPU
		{54053A63-4B93-4E0D-9EF6-0AD8F33559F2}.Debug|x64.ActiveCfg = Debug|Any CPU
		{54053A63-4B93-4E0D-9EF6-0AD8F33559F2}.Debug|x64.Build.0 = Debug|Any CPU
		{54053A63-4B93-4E0D-9EF6-0AD8F33559F2}.Debug|x86.ActiveCfg = Debug|Any CPU
		{54053A63-4B93-4E0D-9EF6-0AD8F33559F2}.Debug|x86.Build.0 = Debug|Any CPU
		{54053A63-4B93-4E0D-9EF6-0AD8F33559F2}.Release|Any CPU.ActiveCfg = Release|Any CPU
		{54053A63-4B93-4E0D-9EF6-0AD8F33559F2}.Release|Any CPU.Build.0 = Release|Any CPU
		{54053A63-4B93-4E0D-9EF6-0AD8F33559F2}.Release|ARM.ActiveCfg = Release|Any CPU
		{54053A63-4B93-4E0D-9EF6-0AD8F33559F2}.Release|ARM.Build.0 = Release|Any CPU
		{54053A63-4B93-4E0D-9EF6-0AD8F33559F2}.Release|ARM64.ActiveCfg = Release|Any CPU
		{54053A63-4B93-4E0D-9EF6-0AD8F33559F2}.Release|ARM64.Build.0 = Release|Any CPU
		{54053A63-4B93-4E0D-9EF6-0AD8F33559F2}.Release|x64.ActiveCfg = Release|Any CPU
		{54053A63-4B93-4E0D-9EF6-0AD8F33559F2}.Release|x64.Build.0 = Release|Any CPU
		{54053A63-4B93-4E0D-9EF6-0AD8F33559F2}.Release|x86.ActiveCfg = Release|Any CPU
		{54053A63-4B93-4E0D-9EF6-0AD8F33559F2}.Release|x86.Build.0 = Release|Any CPU
		{BAA47DBE-0A1D-48DF-9F3D-BB8601B69E1D}.Debug|Any CPU.ActiveCfg = Debug|Any CPU
		{BAA47DBE-0A1D-48DF-9F3D-BB8601B69E1D}.Debug|Any CPU.Build.0 = Debug|Any CPU
		{BAA47DBE-0A1D-48DF-9F3D-BB8601B69E1D}.Debug|ARM.ActiveCfg = Debug|Any CPU
		{BAA47DBE-0A1D-48DF-9F3D-BB8601B69E1D}.Debug|ARM.Build.0 = Debug|Any CPU
		{BAA47DBE-0A1D-48DF-9F3D-BB8601B69E1D}.Debug|ARM64.ActiveCfg = Debug|Any CPU
		{BAA47DBE-0A1D-48DF-9F3D-BB8601B69E1D}.Debug|ARM64.Build.0 = Debug|Any CPU
		{BAA47DBE-0A1D-48DF-9F3D-BB8601B69E1D}.Debug|x64.ActiveCfg = Debug|Any CPU
		{BAA47DBE-0A1D-48DF-9F3D-BB8601B69E1D}.Debug|x64.Build.0 = Debug|Any CPU
		{BAA47DBE-0A1D-48DF-9F3D-BB8601B69E1D}.Debug|x86.ActiveCfg = Debug|Any CPU
		{BAA47DBE-0A1D-48DF-9F3D-BB8601B69E1D}.Debug|x86.Build.0 = Debug|Any CPU
		{BAA47DBE-0A1D-48DF-9F3D-BB8601B69E1D}.Release|Any CPU.ActiveCfg = Release|Any CPU
		{BAA47DBE-0A1D-48DF-9F3D-BB8601B69E1D}.Release|Any CPU.Build.0 = Release|Any CPU
		{BAA47DBE-0A1D-48DF-9F3D-BB8601B69E1D}.Release|ARM.ActiveCfg = Release|Any CPU
		{BAA47DBE-0A1D-48DF-9F3D-BB8601B69E1D}.Release|ARM.Build.0 = Release|Any CPU
		{BAA47DBE-0A1D-48DF-9F3D-BB8601B69E1D}.Release|ARM64.ActiveCfg = Release|Any CPU
		{BAA47DBE-0A1D-48DF-9F3D-BB8601B69E1D}.Release|ARM64.Build.0 = Release|Any CPU
		{BAA47DBE-0A1D-48DF-9F3D-BB8601B69E1D}.Release|x64.ActiveCfg = Release|Any CPU
		{BAA47DBE-0A1D-48DF-9F3D-BB8601B69E1D}.Release|x64.Build.0 = Release|Any CPU
		{BAA47DBE-0A1D-48DF-9F3D-BB8601B69E1D}.Release|x86.ActiveCfg = Release|Any CPU
		{BAA47DBE-0A1D-48DF-9F3D-BB8601B69E1D}.Release|x86.Build.0 = Release|Any CPU
		{E9F60208-2263-424C-8BC9-D43F9C2E6BB8}.Debug|Any CPU.ActiveCfg = Debug|Any CPU
		{E9F60208-2263-424C-8BC9-D43F9C2E6BB8}.Debug|Any CPU.Build.0 = Debug|Any CPU
		{E9F60208-2263-424C-8BC9-D43F9C2E6BB8}.Debug|ARM.ActiveCfg = Debug|Any CPU
		{E9F60208-2263-424C-8BC9-D43F9C2E6BB8}.Debug|ARM.Build.0 = Debug|Any CPU
		{E9F60208-2263-424C-8BC9-D43F9C2E6BB8}.Debug|ARM64.ActiveCfg = Debug|Any CPU
		{E9F60208-2263-424C-8BC9-D43F9C2E6BB8}.Debug|ARM64.Build.0 = Debug|Any CPU
		{E9F60208-2263-424C-8BC9-D43F9C2E6BB8}.Debug|x64.ActiveCfg = Debug|Any CPU
		{E9F60208-2263-424C-8BC9-D43F9C2E6BB8}.Debug|x64.Build.0 = Debug|Any CPU
		{E9F60208-2263-424C-8BC9-D43F9C2E6BB8}.Debug|x86.ActiveCfg = Debug|Any CPU
		{E9F60208-2263-424C-8BC9-D43F9C2E6BB8}.Debug|x86.Build.0 = Debug|Any CPU
		{E9F60208-2263-424C-8BC9-D43F9C2E6BB8}.Release|Any CPU.ActiveCfg = Release|Any CPU
		{E9F60208-2263-424C-8BC9-D43F9C2E6BB8}.Release|Any CPU.Build.0 = Release|Any CPU
		{E9F60208-2263-424C-8BC9-D43F9C2E6BB8}.Release|ARM.ActiveCfg = Release|Any CPU
		{E9F60208-2263-424C-8BC9-D43F9C2E6BB8}.Release|ARM.Build.0 = Release|Any CPU
		{E9F60208-2263-424C-8BC9-D43F9C2E6BB8}.Release|ARM64.ActiveCfg = Release|Any CPU
		{E9F60208-2263-424C-8BC9-D43F9C2E6BB8}.Release|ARM64.Build.0 = Release|Any CPU
		{E9F60208-2263-424C-8BC9-D43F9C2E6BB8}.Release|x64.ActiveCfg = Release|Any CPU
		{E9F60208-2263-424C-8BC9-D43F9C2E6BB8}.Release|x64.Build.0 = Release|Any CPU
		{E9F60208-2263-424C-8BC9-D43F9C2E6BB8}.Release|x86.ActiveCfg = Release|Any CPU
		{E9F60208-2263-424C-8BC9-D43F9C2E6BB8}.Release|x86.Build.0 = Release|Any CPU
		{FA51C6E0-C11D-4F58-87FD-171D7380E8AC}.Debug|Any CPU.ActiveCfg = Debug|Any CPU
		{FA51C6E0-C11D-4F58-87FD-171D7380E8AC}.Debug|Any CPU.Build.0 = Debug|Any CPU
		{FA51C6E0-C11D-4F58-87FD-171D7380E8AC}.Debug|ARM.ActiveCfg = Debug|Any CPU
		{FA51C6E0-C11D-4F58-87FD-171D7380E8AC}.Debug|ARM.Build.0 = Debug|Any CPU
		{FA51C6E0-C11D-4F58-87FD-171D7380E8AC}.Debug|ARM64.ActiveCfg = Debug|Any CPU
		{FA51C6E0-C11D-4F58-87FD-171D7380E8AC}.Debug|ARM64.Build.0 = Debug|Any CPU
		{FA51C6E0-C11D-4F58-87FD-171D7380E8AC}.Debug|x64.ActiveCfg = Debug|Any CPU
		{FA51C6E0-C11D-4F58-87FD-171D7380E8AC}.Debug|x64.Build.0 = Debug|Any CPU
		{FA51C6E0-C11D-4F58-87FD-171D7380E8AC}.Debug|x86.ActiveCfg = Debug|Any CPU
		{FA51C6E0-C11D-4F58-87FD-171D7380E8AC}.Debug|x86.Build.0 = Debug|Any CPU
		{FA51C6E0-C11D-4F58-87FD-171D7380E8AC}.Release|Any CPU.ActiveCfg = Release|Any CPU
		{FA51C6E0-C11D-4F58-87FD-171D7380E8AC}.Release|Any CPU.Build.0 = Release|Any CPU
		{FA51C6E0-C11D-4F58-87FD-171D7380E8AC}.Release|ARM.ActiveCfg = Release|Any CPU
		{FA51C6E0-C11D-4F58-87FD-171D7380E8AC}.Release|ARM.Build.0 = Release|Any CPU
		{FA51C6E0-C11D-4F58-87FD-171D7380E8AC}.Release|ARM64.ActiveCfg = Release|Any CPU
		{FA51C6E0-C11D-4F58-87FD-171D7380E8AC}.Release|ARM64.Build.0 = Release|Any CPU
		{FA51C6E0-C11D-4F58-87FD-171D7380E8AC}.Release|x64.ActiveCfg = Release|Any CPU
		{FA51C6E0-C11D-4F58-87FD-171D7380E8AC}.Release|x64.Build.0 = Release|Any CPU
		{FA51C6E0-C11D-4F58-87FD-171D7380E8AC}.Release|x86.ActiveCfg = Release|Any CPU
		{FA51C6E0-C11D-4F58-87FD-171D7380E8AC}.Release|x86.Build.0 = Release|Any CPU
		{3F580940-10AA-4E25-8289-CC6DEEEFF45F}.Debug|Any CPU.ActiveCfg = Debug|Any CPU
		{3F580940-10AA-4E25-8289-CC6DEEEFF45F}.Debug|Any CPU.Build.0 = Debug|Any CPU
		{3F580940-10AA-4E25-8289-CC6DEEEFF45F}.Debug|ARM.ActiveCfg = Debug|Any CPU
		{3F580940-10AA-4E25-8289-CC6DEEEFF45F}.Debug|ARM.Build.0 = Debug|Any CPU
		{3F580940-10AA-4E25-8289-CC6DEEEFF45F}.Debug|ARM64.ActiveCfg = Debug|Any CPU
		{3F580940-10AA-4E25-8289-CC6DEEEFF45F}.Debug|ARM64.Build.0 = Debug|Any CPU
		{3F580940-10AA-4E25-8289-CC6DEEEFF45F}.Debug|x64.ActiveCfg = Debug|Any CPU
		{3F580940-10AA-4E25-8289-CC6DEEEFF45F}.Debug|x64.Build.0 = Debug|Any CPU
		{3F580940-10AA-4E25-8289-CC6DEEEFF45F}.Debug|x86.ActiveCfg = Debug|Any CPU
		{3F580940-10AA-4E25-8289-CC6DEEEFF45F}.Debug|x86.Build.0 = Debug|Any CPU
		{3F580940-10AA-4E25-8289-CC6DEEEFF45F}.Release|Any CPU.ActiveCfg = Release|Any CPU
		{3F580940-10AA-4E25-8289-CC6DEEEFF45F}.Release|Any CPU.Build.0 = Release|Any CPU
		{3F580940-10AA-4E25-8289-CC6DEEEFF45F}.Release|ARM.ActiveCfg = Release|Any CPU
		{3F580940-10AA-4E25-8289-CC6DEEEFF45F}.Release|ARM.Build.0 = Release|Any CPU
		{3F580940-10AA-4E25-8289-CC6DEEEFF45F}.Release|ARM64.ActiveCfg = Release|Any CPU
		{3F580940-10AA-4E25-8289-CC6DEEEFF45F}.Release|ARM64.Build.0 = Release|Any CPU
		{3F580940-10AA-4E25-8289-CC6DEEEFF45F}.Release|x64.ActiveCfg = Release|Any CPU
		{3F580940-10AA-4E25-8289-CC6DEEEFF45F}.Release|x64.Build.0 = Release|Any CPU
		{3F580940-10AA-4E25-8289-CC6DEEEFF45F}.Release|x86.ActiveCfg = Release|Any CPU
		{3F580940-10AA-4E25-8289-CC6DEEEFF45F}.Release|x86.Build.0 = Release|Any CPU
	EndGlobalSection
	GlobalSection(SolutionProperties) = preSolution
		HideSolutionNode = FALSE
	EndGlobalSection
	GlobalSection(NestedProjects) = preSolution
		{54053A63-4B93-4E0D-9EF6-0AD8F33559F2} = {3C4F3600-CABC-4830-B485-3CE2CE194B8F}
		{BAA47DBE-0A1D-48DF-9F3D-BB8601B69E1D} = {D787F4E5-348D-4AE8-85F4-3BD83532DEE7}
		{E9F60208-2263-424C-8BC9-D43F9C2E6BB8} = {9C920315-05B5-469D-8B74-0843BC2F0841}
		{FA51C6E0-C11D-4F58-87FD-171D7380E8AC} = {DB441FC1-CBA1-47B2-A124-989BBEA3D7EF}
	EndGlobalSection
	GlobalSection(ExtensibilityGlobals) = postSolution
		SolutionGuid = {E9D13D69-4286-43C5-B13F-9515AE31C475}
	EndGlobalSection
EndGlobal
